{
  "name": "pasteit-forms",
  "version": "1.0.8",
  "lockfileVersion": 3,
  "requires": true,
  "packages": {
    "": {
      "name": "pasteit-forms",
      "version": "1.0.8",
      "license": "ISC",
      "bin": {
        "pasteit-run-json-script": "commands/createJsonFiles.js"
      }
    }
  }
}
